// !$*UTF8*$!
{
	archiveVersion = 1;
	classes = {
	};
	objectVersion = 47;
	objects = {

/* Begin PBXBuildFile section */
		1D3623260D0F684500981E51 /* ThundershotAppDelegate.m in Sources */ = {isa = PBXBuildFile; fileRef = 1D3623250D0F684500981E51 /* ThundershotAppDelegate.m */; };
		1D60589B0D05DD56006BFB54 /* main.m in Sources */ = {isa = PBXBuildFile; fileRef = 29B97316FDCFA39411CA2CEA /* main.m */; };
		1D60589F0D05DD5A006BFB54 /* Foundation.framework in Frameworks */ = {isa = PBXBuildFile; fileRef = 1D30AB110D05D00D00671497 /* Foundation.framework */; };
		1DF5F4E00D08C38300B7A737 /* UIKit.framework in Frameworks */ = {isa = PBXBuildFile; fileRef = 1DF5F4DF0D08C38300B7A737 /* UIKit.framework */; };
		435D984B11D2089A009ADC4F /* AVFoundation.framework in Frameworks */ = {isa = PBXBuildFile; fileRef = 435D984A11D2089A009ADC4F /* AVFoundation.framework */; };
		438CE3BC11D2717800CF55BC /* CoreGraphics.framework in Frameworks */ = {isa = PBXBuildFile; fileRef = 438CE3BB11D2717800CF55BC /* CoreGraphics.framework */; };
		438CE3DF11D2718600CF55BC /* CoreVideo.framework in Frameworks */ = {isa = PBXBuildFile; fileRef = 438CE3DE11D2718600CF55BC /* CoreVideo.framework */; };
		438CE3E511D2719F00CF55BC /* CoreMedia.framework in Frameworks */ = {isa = PBXBuildFile; fileRef = 438CE3E411D2719F00CF55BC /* CoreMedia.framework */; };
		438CE43111D2766D00CF55BC /* ThundershotAVController.m in Sources */ = {isa = PBXBuildFile; fileRef = 438CE43011D2766D00CF55BC /* ThundershotAVController.m */; };
		43D32BCE11D341F400AFA790 /* QuartzCore.framework in Frameworks */ = {isa = PBXBuildFile; fileRef = 43D32BCD11D341F400AFA790 /* QuartzCore.framework */; };
		43D32E3011D3A1DB00AFA790 /* AudioToolbox.framework in Frameworks */ = {isa = PBXBuildFile; fileRef = 43D32E2F11D3A1DB00AFA790 /* AudioToolbox.framework */; };
		4C2C003F1B5A886600C196DF /* Localizable.strings in Resources */ = {isa = PBXBuildFile; fileRef = 4C2C00411B5A886600C196DF /* Localizable.strings */; };
		4C2C00451B5A8B7600C196DF /* Rules.rtf in Resources */ = {isa = PBXBuildFile; fileRef = 4C2C00471B5A8B7600C196DF /* Rules.rtf */; };
		4C483B321B591A2800643E2D /* PTFocusMarkView.swift in Sources */ = {isa = PBXBuildFile; fileRef = 4C483B311B591A2800643E2D /* PTFocusMarkView.swift */; };
		4C5049A017A3A5AC000902CA /* Images.xcassets in Resources */ = {isa = PBXBuildFile; fileRef = 4C50499F17A3A5AC000902CA /* Images.xcassets */; };
		4C8DC7DF1B5A725A002EEEC5 /* Launch Screen.storyboard in Resources */ = {isa = PBXBuildFile; fileRef = 4C8DC7DE1B5A725A002EEEC5 /* Launch Screen.storyboard */; };
		4C8DC7E01B5A76DA002EEEC5 /* MainWindow.xib in Resources */ = {isa = PBXBuildFile; fileRef = 4C8DC7E21B5A76DA002EEEC5 /* MainWindow.xib */; };
		4C8DC7E71B5A7A6C002EEEC5 /* Thundershot-InfoPlist.strings in Resources */ = {isa = PBXBuildFile; fileRef = 4C8DC7E91B5A7A6C002EEEC5 /* Thundershot-InfoPlist.strings */; };
		4C925FC8199F4053004DD40D /* ImageIO.framework in Frameworks */ = {isa = PBXBuildFile; fileRef = 4C925FC7199F4053004DD40D /* ImageIO.framework */; };
		4C925FCA199F411F004DD40D /* MobileCoreServices.framework in Frameworks */ = {isa = PBXBuildFile; fileRef = 4C925FC9199F411F004DD40D /* MobileCoreServices.framework */; };
		4C9C01A51B3E7B9A00DF24A4 /* UIImage+TextWithImage.m in Sources */ = {isa = PBXBuildFile; fileRef = 4C9C01A41B3E7B9A00DF24A4 /* UIImage+TextWithImage.m */; };
		4CA113A117AE722500D9B349 /* UIButtonRight.m in Sources */ = {isa = PBXBuildFile; fileRef = 4CA113A017AE722400D9B349 /* UIButtonRight.m */; };
		4CC3D34A1B456C60004E54D8 /* PTMultipleStateButton.swift in Sources */ = {isa = PBXBuildFile; fileRef = 4CC3D3491B456C60004E54D8 /* PTMultipleStateButton.swift */; };
		4CD3E5021B4023BE00FFB811 /* PTSliderWithRotatableLabel.swift in Sources */ = {isa = PBXBuildFile; fileRef = 4CD3E5011B4023BE00FFB811 /* PTSliderWithRotatableLabel.swift */; };
		4CD9D2091B1EF2C200AF641D /* PTSliderWithValue.swift in Sources */ = {isa = PBXBuildFile; fileRef = 4CD9D2081B1EF2C200AF641D /* PTSliderWithValue.swift */; };
		4CE13CB01B3FF97F000F6A07 /* UISwitchButton.swift in Sources */ = {isa = PBXBuildFile; fileRef = 4CE13CAF1B3FF97F000F6A07 /* UISwitchButton.swift */; };
		4CEF61BA199F65E1003D83AD /* AssetsLibrary.framework in Frameworks */ = {isa = PBXBuildFile; fileRef = 4CEF61B9199F65E1003D83AD /* AssetsLibrary.framework */; };
		4CFE143217BCD05E00695556 /* UIView+LayerShot.m in Sources */ = {isa = PBXBuildFile; fileRef = 4CFE143117BCD05E00695556 /* UIView+LayerShot.m */; };
/* End PBXBuildFile section */

/* Begin PBXFileReference section */
		1D30AB110D05D00D00671497 /* Foundation.framework */ = {isa = PBXFileReference; lastKnownFileType = wrapper.framework; name = Foundation.framework; path = System/Library/Frameworks/Foundation.framework; sourceTree = SDKROOT; };
		1D3623240D0F684500981E51 /* ThundershotAppDelegate.h */ = {isa = PBXFileReference; fileEncoding = 4; lastKnownFileType = sourcecode.c.h; path = ThundershotAppDelegate.h; sourceTree = "<group>"; };
		1D3623250D0F684500981E51 /* ThundershotAppDelegate.m */ = {isa = PBXFileReference; fileEncoding = 4; lastKnownFileType = sourcecode.c.objc; path = ThundershotAppDelegate.m; sourceTree = "<group>"; };
		1DF5F4DF0D08C38300B7A737 /* UIKit.framework */ = {isa = PBXFileReference; lastKnownFileType = wrapper.framework; name = UIKit.framework; path = System/Library/Frameworks/UIKit.framework; sourceTree = SDKROOT; };
		29B97316FDCFA39411CA2CEA /* main.m */ = {isa = PBXFileReference; fileEncoding = 4; lastKnownFileType = sourcecode.c.objc; path = main.m; sourceTree = "<group>"; };
		32CA4F630368D1EE00C91783 /* Thundershot_Prefix.pch */ = {isa = PBXFileReference; fileEncoding = 4; lastKnownFileType = sourcecode.c.h; path = Thundershot_Prefix.pch; sourceTree = "<group>"; };
		430C1F0912197A2C00102B33 /* Thundershot.app */ = {isa = PBXFileReference; explicitFileType = wrapper.application; includeInIndex = 0; path = Thundershot.app; sourceTree = BUILT_PRODUCTS_DIR; };
		435D984A11D2089A009ADC4F /* AVFoundation.framework */ = {isa = PBXFileReference; lastKnownFileType = wrapper.framework; name = AVFoundation.framework; path = System/Library/Frameworks/AVFoundation.framework; sourceTree = SDKROOT; };
		438CE3BB11D2717800CF55BC /* CoreGraphics.framework */ = {isa = PBXFileReference; lastKnownFileType = wrapper.framework; name = CoreGraphics.framework; path = System/Library/Frameworks/CoreGraphics.framework; sourceTree = SDKROOT; };
		438CE3DE11D2718600CF55BC /* CoreVideo.framework */ = {isa = PBXFileReference; lastKnownFileType = wrapper.framework; name = CoreVideo.framework; path = System/Library/Frameworks/CoreVideo.framework; sourceTree = SDKROOT; };
		438CE3E411D2719F00CF55BC /* CoreMedia.framework */ = {isa = PBXFileReference; lastKnownFileType = wrapper.framework; name = CoreMedia.framework; path = System/Library/Frameworks/CoreMedia.framework; sourceTree = SDKROOT; };
		438CE42F11D2766D00CF55BC /* ThundershotAVController.h */ = {isa = PBXFileReference; fileEncoding = 4; lastKnownFileType = sourcecode.c.h; path = ThundershotAVController.h; sourceTree = "<group>"; };
		438CE43011D2766D00CF55BC /* ThundershotAVController.m */ = {isa = PBXFileReference; fileEncoding = 4; lastKnownFileType = sourcecode.c.objc; path = ThundershotAVController.m; sourceTree = "<group>"; };
		43D32BCD11D341F400AFA790 /* QuartzCore.framework */ = {isa = PBXFileReference; lastKnownFileType = wrapper.framework; name = QuartzCore.framework; path = System/Library/Frameworks/QuartzCore.framework; sourceTree = SDKROOT; };
		43D32E2F11D3A1DB00AFA790 /* AudioToolbox.framework */ = {isa = PBXFileReference; lastKnownFileType = wrapper.framework; name = AudioToolbox.framework; path = System/Library/Frameworks/AudioToolbox.framework; sourceTree = SDKROOT; };
		4C2C00401B5A886600C196DF /* Base */ = {isa = PBXFileReference; lastKnownFileType = text.plist.strings; name = Base; path = Base.lproj/Localizable.strings; sourceTree = "<group>"; };
		4C2C00421B5A886A00C196DF /* ru */ = {isa = PBXFileReference; lastKnownFileType = text.plist.strings; name = ru; path = ru.lproj/Localizable.strings; sourceTree = "<group>"; };
		4C2C00461B5A8B7600C196DF /* Base */ = {isa = PBXFileReference; lastKnownFileType = text.rtf; name = Base; path = Base.lproj/Rules.rtf; sourceTree = "<group>"; };
		4C2C00481B5A8C6500C196DF /* ru */ = {isa = PBXFileReference; lastKnownFileType = text.rtf; name = ru; path = ru.lproj/Rules.rtf; sourceTree = "<group>"; };
		4C483B311B591A2800643E2D /* PTFocusMarkView.swift */ = {isa = PBXFileReference; fileEncoding = 4; lastKnownFileType = sourcecode.swift; path = PTFocusMarkView.swift; sourceTree = "<group>"; };
		4C50499F17A3A5AC000902CA /* Images.xcassets */ = {isa = PBXFileReference; lastKnownFileType = folder.assetcatalog; name = Images.xcassets; path = Thundershot/Images.xcassets; sourceTree = "<group>"; };
		4C5049A317A3A728000902CA /* Thundershot */ = {isa = PBXFileReference; lastKnownFileType = folder; path = Thundershot; sourceTree = "<group>"; };
		4C8DC7DE1B5A725A002EEEC5 /* Launch Screen.storyboard */ = {isa = PBXFileReference; fileEncoding = 4; lastKnownFileType = file.storyboard; path = "Launch Screen.storyboard"; sourceTree = "<group>"; };
		4C8DC7E11B5A76DA002EEEC5 /* Base */ = {isa = PBXFileReference; lastKnownFileType = file.xib; name = Base; path = Base.lproj/MainWindow.xib; sourceTree = "<group>"; };
		4C8DC7E41B5A7A05002EEEC5 /* ru */ = {isa = PBXFileReference; lastKnownFileType = text.plist.strings; name = ru; path = ru.lproj/MainWindow.strings; sourceTree = "<group>"; };
		4C8DC7E81B5A7A6C002EEEC5 /* ru */ = {isa = PBXFileReference; lastKnownFileType = text.plist.strings; name = ru; path = "ru.lproj/Thundershot-InfoPlist.strings"; sourceTree = "<group>"; };
		4C925FC7199F4053004DD40D /* ImageIO.framework */ = {isa = PBXFileReference; lastKnownFileType = wrapper.framework; name = ImageIO.framework; path = System/Library/Frameworks/ImageIO.framework; sourceTree = SDKROOT; };
		4C925FC9199F411F004DD40D /* MobileCoreServices.framework */ = {isa = PBXFileReference; lastKnownFileType = wrapper.framework; name = MobileCoreServices.framework; path = System/Library/Frameworks/MobileCoreServices.framework; sourceTree = SDKROOT; };
		4C9C01A31B3E7B9A00DF24A4 /* UIImage+TextWithImage.h */ = {isa = PBXFileReference; fileEncoding = 4; lastKnownFileType = sourcecode.c.h; path = "UIImage+TextWithImage.h"; sourceTree = "<group>"; };
		4C9C01A41B3E7B9A00DF24A4 /* UIImage+TextWithImage.m */ = {isa = PBXFileReference; fileEncoding = 4; lastKnownFileType = sourcecode.c.objc; path = "UIImage+TextWithImage.m"; sourceTree = "<group>"; };
		4CA1139F17AE722400D9B349 /* UIButtonRight.h */ = {isa = PBXFileReference; fileEncoding = 4; lastKnownFileType = sourcecode.c.h; path = UIButtonRight.h; sourceTree = "<group>"; };
		4CA113A017AE722400D9B349 /* UIButtonRight.m */ = {isa = PBXFileReference; fileEncoding = 4; lastKnownFileType = sourcecode.c.objc; path = UIButtonRight.m; sourceTree = "<group>"; };
		4CC3D3491B456C60004E54D8 /* PTMultipleStateButton.swift */ = {isa = PBXFileReference; fileEncoding = 4; lastKnownFileType = sourcecode.swift; path = PTMultipleStateButton.swift; sourceTree = "<group>"; };
		4CD3E5011B4023BE00FFB811 /* PTSliderWithRotatableLabel.swift */ = {isa = PBXFileReference; fileEncoding = 4; lastKnownFileType = sourcecode.swift; path = PTSliderWithRotatableLabel.swift; sourceTree = "<group>"; };
		4CD9D2071B1EF2C100AF641D /* Thundershot-Bridging-Header.h */ = {isa = PBXFileReference; lastKnownFileType = sourcecode.c.h; path = "Thundershot-Bridging-Header.h"; sourceTree = "<group>"; };
		4CD9D2081B1EF2C200AF641D /* PTSliderWithValue.swift */ = {isa = PBXFileReference; fileEncoding = 4; lastKnownFileType = sourcecode.swift; path = PTSliderWithValue.swift; sourceTree = "<group>"; };
		4CE13CAF1B3FF97F000F6A07 /* UISwitchButton.swift */ = {isa = PBXFileReference; fileEncoding = 4; lastKnownFileType = sourcecode.swift; path = UISwitchButton.swift; sourceTree = "<group>"; };
		4CEF61B9199F65E1003D83AD /* AssetsLibrary.framework */ = {isa = PBXFileReference; lastKnownFileType = wrapper.framework; name = AssetsLibrary.framework; path = System/Library/Frameworks/AssetsLibrary.framework; sourceTree = SDKROOT; };
		4CFE143017BCD05E00695556 /* UIView+LayerShot.h */ = {isa = PBXFileReference; fileEncoding = 4; lastKnownFileType = sourcecode.c.h; path = "UIView+LayerShot.h"; sourceTree = "<group>"; };
		4CFE143117BCD05E00695556 /* UIView+LayerShot.m */ = {isa = PBXFileReference; fileEncoding = 4; lastKnownFileType = sourcecode.c.objc; path = "UIView+LayerShot.m"; sourceTree = "<group>"; };
		8D1107310486CEB800E47090 /* Thundershot-Info.plist */ = {isa = PBXFileReference; fileEncoding = 4; lastKnownFileType = text.plist.xml; path = "Thundershot-Info.plist"; plistStructureDefinitionIdentifier = "com.apple.xcode.plist.structure-definition.iphone.info-plist"; sourceTree = "<group>"; };
/* End PBXFileReference section */

/* Begin PBXFrameworksBuildPhase section */
		1D60588F0D05DD3D006BFB54 /* Frameworks */ = {
			isa = PBXFrameworksBuildPhase;
			buildActionMask = 2147483647;
			files = (
				1D60589F0D05DD5A006BFB54 /* Foundation.framework in Frameworks */,
				1DF5F4E00D08C38300B7A737 /* UIKit.framework in Frameworks */,
				4C925FC8199F4053004DD40D /* ImageIO.framework in Frameworks */,
				4C925FCA199F411F004DD40D /* MobileCoreServices.framework in Frameworks */,
				435D984B11D2089A009ADC4F /* AVFoundation.framework in Frameworks */,
				438CE3BC11D2717800CF55BC /* CoreGraphics.framework in Frameworks */,
				438CE3DF11D2718600CF55BC /* CoreVideo.framework in Frameworks */,
				438CE3E511D2719F00CF55BC /* CoreMedia.framework in Frameworks */,
				4CEF61BA199F65E1003D83AD /* AssetsLibrary.framework in Frameworks */,
				43D32BCE11D341F400AFA790 /* QuartzCore.framework in Frameworks */,
				43D32E3011D3A1DB00AFA790 /* AudioToolbox.framework in Frameworks */,
			);
			runOnlyForDeploymentPostprocessing = 0;
		};
/* End PBXFrameworksBuildPhase section */

/* Begin PBXGroup section */
		080E96DDFE201D6D7F000001 /* Classes */ = {
			isa = PBXGroup;
			children = (
				1D3623240D0F684500981E51 /* ThundershotAppDelegate.h */,
				1D3623250D0F684500981E51 /* ThundershotAppDelegate.m */,
				438CE42F11D2766D00CF55BC /* ThundershotAVController.h */,
				438CE43011D2766D00CF55BC /* ThundershotAVController.m */,
				4CA1139F17AE722400D9B349 /* UIButtonRight.h */,
				4CA113A017AE722400D9B349 /* UIButtonRight.m */,
				4C9C01A31B3E7B9A00DF24A4 /* UIImage+TextWithImage.h */,
				4C9C01A41B3E7B9A00DF24A4 /* UIImage+TextWithImage.m */,
				4CFE143017BCD05E00695556 /* UIView+LayerShot.h */,
				4CFE143117BCD05E00695556 /* UIView+LayerShot.m */,
				4CD9D2071B1EF2C100AF641D /* Thundershot-Bridging-Header.h */,
				4CD9D2081B1EF2C200AF641D /* PTSliderWithValue.swift */,
				4CE13CAF1B3FF97F000F6A07 /* UISwitchButton.swift */,
				4CD3E5011B4023BE00FFB811 /* PTSliderWithRotatableLabel.swift */,
				4CC3D3491B456C60004E54D8 /* PTMultipleStateButton.swift */,
				4C483B311B591A2800643E2D /* PTFocusMarkView.swift */,
			);
			path = Classes;
			sourceTree = "<group>";
		};
		19C28FACFE9D520D11CA2CBB /* Products */ = {
			isa = PBXGroup;
			children = (
				430C1F0912197A2C00102B33 /* Thundershot.app */,
			);
			name = Products;
			sourceTree = "<group>";
		};
		29B97314FDCFA39411CA2CEA /* CustomTemplate */ = {
			isa = PBXGroup;
			children = (
				4C5049A317A3A728000902CA /* Thundershot */,
				080E96DDFE201D6D7F000001 /* Classes */,
				29B97315FDCFA39411CA2CEA /* Other Sources */,
				29B97317FDCFA39411CA2CEA /* Resources */,
				29B97323FDCFA39411CA2CEA /* Frameworks */,
				19C28FACFE9D520D11CA2CBB /* Products */,
			);
			name = CustomTemplate;
			sourceTree = "<group>";
		};
		29B97315FDCFA39411CA2CEA /* Other Sources */ = {
			isa = PBXGroup;
			children = (
				32CA4F630368D1EE00C91783 /* Thundershot_Prefix.pch */,
				29B97316FDCFA39411CA2CEA /* main.m */,
			);
			name = "Other Sources";
			sourceTree = "<group>";
		};
		29B97317FDCFA39411CA2CEA /* Resources */ = {
			isa = PBXGroup;
			children = (
				4C8DC7E91B5A7A6C002EEEC5 /* Thundershot-InfoPlist.strings */,
				4C50499F17A3A5AC000902CA /* Images.xcassets */,
				4C8DC7E21B5A76DA002EEEC5 /* MainWindow.xib */,
				8D1107310486CEB800E47090 /* Thundershot-Info.plist */,
				4C8DC7DE1B5A725A002EEEC5 /* Launch Screen.storyboard */,
				4C2C00411B5A886600C196DF /* Localizable.strings */,
				4C2C00471B5A8B7600C196DF /* Rules.rtf */,
			);
			name = Resources;
			sourceTree = "<group>";
		};
		29B97323FDCFA39411CA2CEA /* Frameworks */ = {
			isa = PBXGroup;
			children = (
				4CEF61B9199F65E1003D83AD /* AssetsLibrary.framework */,
				4C925FC9199F411F004DD40D /* MobileCoreServices.framework */,
				4C925FC7199F4053004DD40D /* ImageIO.framework */,
				438CE3BB11D2717800CF55BC /* CoreGraphics.framework */,
				1DF5F4DF0D08C38300B7A737 /* UIKit.framework */,
				1D30AB110D05D00D00671497 /* Foundation.framework */,
				435D984A11D2089A009ADC4F /* AVFoundation.framework */,
				438CE3DE11D2718600CF55BC /* CoreVideo.framework */,
				438CE3E411D2719F00CF55BC /* CoreMedia.framework */,
				43D32BCD11D341F400AFA790 /* QuartzCore.framework */,
				43D32E2F11D3A1DB00AFA790 /* AudioToolbox.framework */,
			);
			name = Frameworks;
			sourceTree = "<group>";
		};
/* End PBXGroup section */

/* Begin PBXNativeTarget section */
		1D6058900D05DD3D006BFB54 /* Thundershot */ = {
			isa = PBXNativeTarget;
			buildConfigurationList = 1D6058960D05DD3E006BFB54 /* Build configuration list for PBXNativeTarget "Thundershot" */;
			buildPhases = (
				1D60588D0D05DD3D006BFB54 /* Resources */,
				1D60588E0D05DD3D006BFB54 /* Sources */,
				1D60588F0D05DD3D006BFB54 /* Frameworks */,
			);
			buildRules = (
			);
			dependencies = (
			);
			name = Thundershot;
			productName = Flashcode;
			productReference = 430C1F0912197A2C00102B33 /* Thundershot.app */;
			productType = "com.apple.product-type.application";
		};
/* End PBXNativeTarget section */

/* Begin PBXProject section */
		29B97313FDCFA39411CA2CEA /* Project object */ = {
			isa = PBXProject;
			attributes = {
				CLASSPREFIX = PT;
				LastSwiftUpdateCheck = 0700;
				LastUpgradeCheck = 0700;
				ORGANIZATIONNAME = PaztalomTechnologiez;
				TargetAttributes = {
					1D6058900D05DD3D006BFB54 = {
						DevelopmentTeam = P5ZFLGLAFT;
					};
				};
			};
			buildConfigurationList = C01FCF4E08A954540054247B /* Build configuration list for PBXProject "Thundershot" */;
			compatibilityVersion = "Xcode 6.3";
			developmentRegion = English;
			hasScannedForEncodings = 1;
			knownRegions = (
				en,
				Base,
				ru,
			);
			mainGroup = 29B97314FDCFA39411CA2CEA /* CustomTemplate */;
			projectDirPath = "";
			projectRoot = "";
			targets = (
				1D6058900D05DD3D006BFB54 /* Thundershot */,
			);
		};
/* End PBXProject section */

/* Begin PBXResourcesBuildPhase section */
		1D60588D0D05DD3D006BFB54 /* Resources */ = {
			isa = PBXResourcesBuildPhase;
			buildActionMask = 2147483647;
			files = (
				4C2C003F1B5A886600C196DF /* Localizable.strings in Resources */,
				4C8DC7E71B5A7A6C002EEEC5 /* Thundershot-InfoPlist.strings in Resources */,
				4C8DC7E01B5A76DA002EEEC5 /* MainWindow.xib in Resources */,
				4C5049A017A3A5AC000902CA /* Images.xcassets in Resources */,
				4C2C00451B5A8B7600C196DF /* Rules.rtf in Resources */,
				4C8DC7DF1B5A725A002EEEC5 /* Launch Screen.storyboard in Resources */,
			);
			runOnlyForDeploymentPostprocessing = 0;
		};
/* End PBXResourcesBuildPhase section */

/* Begin PBXSourcesBuildPhase section */
		1D60588E0D05DD3D006BFB54 /* Sources */ = {
			isa = PBXSourcesBuildPhase;
			buildActionMask = 2147483647;
			files = (
				4CC3D34A1B456C60004E54D8 /* PTMultipleStateButton.swift in Sources */,
				4CD3E5021B4023BE00FFB811 /* PTSliderWithRotatableLabel.swift in Sources */,
				4CE13CB01B3FF97F000F6A07 /* UISwitchButton.swift in Sources */,
				4C9C01A51B3E7B9A00DF24A4 /* UIImage+TextWithImage.m in Sources */,
				1D60589B0D05DD56006BFB54 /* main.m in Sources */,
				4C483B321B591A2800643E2D /* PTFocusMarkView.swift in Sources */,
				4CD9D2091B1EF2C200AF641D /* PTSliderWithValue.swift in Sources */,
				1D3623260D0F684500981E51 /* ThundershotAppDelegate.m in Sources */,
				4CA113A117AE722500D9B349 /* UIButtonRight.m in Sources */,
				4CFE143217BCD05E00695556 /* UIView+LayerShot.m in Sources */,
				438CE43111D2766D00CF55BC /* ThundershotAVController.m in Sources */,
			);
			runOnlyForDeploymentPostprocessing = 0;
		};
/* End PBXSourcesBuildPhase section */

/* Begin PBXVariantGroup section */
		4C2C00411B5A886600C196DF /* Localizable.strings */ = {
			isa = PBXVariantGroup;
			children = (
				4C2C00401B5A886600C196DF /* Base */,
				4C2C00421B5A886A00C196DF /* ru */,
			);
			name = Localizable.strings;
			sourceTree = "<group>";
		};
		4C2C00471B5A8B7600C196DF /* Rules.rtf */ = {
			isa = PBXVariantGroup;
			children = (
				4C2C00461B5A8B7600C196DF /* Base */,
				4C2C00481B5A8C6500C196DF /* ru */,
			);
			name = Rules.rtf;
			sourceTree = "<group>";
		};
		4C8DC7E21B5A76DA002EEEC5 /* MainWindow.xib */ = {
			isa = PBXVariantGroup;
			children = (
				4C8DC7E11B5A76DA002EEEC5 /* Base */,
				4C8DC7E41B5A7A05002EEEC5 /* ru */,
			);
			name = MainWindow.xib;
			sourceTree = "<group>";
		};
		4C8DC7E91B5A7A6C002EEEC5 /* Thundershot-InfoPlist.strings */ = {
			isa = PBXVariantGroup;
			children = (
				4C8DC7E81B5A7A6C002EEEC5 /* ru */,
			);
			name = "Thundershot-InfoPlist.strings";
			sourceTree = "<group>";
		};
/* End PBXVariantGroup section */

/* Begin XCBuildConfiguration section */
		1D6058940D05DD3E006BFB54 /* Debug */ = {
			isa = XCBuildConfiguration;
			buildSettings = {
				ALWAYS_SEARCH_USER_PATHS = NO;
				ASSETCATALOG_COMPILER_APPICON_NAME = AppIcon;
				CLANG_ENABLE_MODULES = YES;
				CLANG_ENABLE_OBJC_ARC = YES;
				CODE_SIGN_IDENTITY = "iPhone Developer";
				"CODE_SIGN_IDENTITY[sdk=iphoneos*]" = "iPhone Developer";
				COPY_PHASE_STRIP = NO;
				GCC_PRECOMPILE_PREFIX_HEADER = YES;
				GCC_PREFIX_HEADER = Thundershot_Prefix.pch;
				INFOPLIST_FILE = "Thundershot-Info.plist";
				IPHONEOS_DEPLOYMENT_TARGET = 8.0;
				LD_RUNPATH_SEARCH_PATHS = "$(inherited) @executable_path/Frameworks";
				PRODUCT_BUNDLE_IDENTIFIER = com.PaztalomTechnologiez.Thundershot;
				PRODUCT_NAME = Thundershot;
				PROVISIONING_PROFILE = "";
				SDKROOT = iphoneos;
				SWIFT_OBJC_BRIDGING_HEADER = "Classes/Thundershot-Bridging-Header.h";
				SWIFT_OPTIMIZATION_LEVEL = "-Onone";
				TARGETED_DEVICE_FAMILY = "1,2";
			};
			name = Debug;
		};
		1D6058950D05DD3E006BFB54 /* Release */ = {
			isa = XCBuildConfiguration;
			buildSettings = {
				ALWAYS_SEARCH_USER_PATHS = NO;
				ASSETCATALOG_COMPILER_APPICON_NAME = AppIcon;
				CLANG_ENABLE_MODULES = YES;
				CLANG_ENABLE_OBJC_ARC = YES;
				CODE_SIGN_IDENTITY = "iPhone Developer";
				"CODE_SIGN_IDENTITY[sdk=iphoneos*]" = "iPhone Developer";
				COPY_PHASE_STRIP = YES;
				GCC_PRECOMPILE_PREFIX_HEADER = YES;
				GCC_PREFIX_HEADER = Thundershot_Prefix.pch;
				INFOPLIST_FILE = "Thundershot-Info.plist";
				IPHONEOS_DEPLOYMENT_TARGET = 8.0;
				LD_RUNPATH_SEARCH_PATHS = "$(inherited) @executable_path/Frameworks";
				PRODUCT_BUNDLE_IDENTIFIER = com.PaztalomTechnologiez.Thundershot;
				PRODUCT_NAME = Thundershot;
				PROVISIONING_PROFILE = "";
				SDKROOT = iphoneos;
				SWIFT_OBJC_BRIDGING_HEADER = "Classes/Thundershot-Bridging-Header.h";
				TARGETED_DEVICE_FAMILY = "1,2";
				VALIDATE_PRODUCT = NO;
			};
			name = Release;
		};
		C01FCF4F08A954540054247B /* Debug */ = {
			isa = XCBuildConfiguration;
			buildSettings = {
				CODE_SIGN_IDENTITY = "iPhone Developer";
				ENABLE_TESTABILITY = NO;
				GCC_C_LANGUAGE_STANDARD = c99;
				GCC_WARN_ABOUT_RETURN_TYPE = YES;
				GCC_WARN_UNUSED_VARIABLE = YES;
				IPHONEOS_DEPLOYMENT_TARGET = 8.0;
				ONLY_ACTIVE_ARCH = YES;
				PREBINDING = NO;
				SDKROOT = iphoneos;
				TARGETED_DEVICE_FAMILY = "1,2";
			};
			name = Debug;
		};
		C01FCF5008A954540054247B /* Release */ = {
			isa = XCBuildConfiguration;
			buildSettings = {
				CODE_SIGN_IDENTITY = "iPhone Developer";
				ENABLE_TESTABILITY = NO;
				GCC_C_LANGUAGE_STANDARD = c99;
				GCC_WARN_ABOUT_RETURN_TYPE = YES;
				GCC_WARN_UNUSED_VARIABLE = YES;
				IPHONEOS_DEPLOYMENT_TARGET = 8.0;
				OTHER_CFLAGS = "-DNS_BLOCK_ASSERTIONS=1";
				PREBINDING = NO;
				SDKROOT = iphoneos;
				TARGETED_DEVICE_FAMILY = "1,2";
			};
			name = Release;
		};
/* End XCBuildConfiguration section */

/* Begin XCConfigurationList section */
		1D6058960D05DD3E006BFB54 /* Build configuration list for PBXNativeTarget "Thundershot" */ = {
			isa = XCConfigurationList;
			buildConfigurations = (
				1D6058940D05DD3E006BFB54 /* Debug */,
				1D6058950D05DD3E006BFB54 /* Release */,
			);
			defaultConfigurationIsVisible = 0;
			defaultConfigurationName = Release;
		};
		C01FCF4E08A954540054247B /* Build configuration list for PBXProject "Thundershot" */ = {
			isa = XCConfigurationList;
			buildConfigurations = (
				C01FCF4F08A954540054247B /* Debug */,
				C01FCF5008A954540054247B /* Release */,
			);
			defaultConfigurationIsVisible = 0;
			defaultConfigurationName = Release;
		};
/* End XCConfigurationList section */
	};
	rootObject = 29B97313FDCFA39411CA2CEA /* Project object */;
}
